
Microsoft Visual Studio Solution File, Format Version 12.00
# Visual Studio Version 17
VisualStudioVersion = 17.5.33627.172
MinimumVisualStudioVersion = 10.0.40219.1
Project("{888888A0-9F3D-457C-B088-3A5042F75D52}") = "GuessingGame.py", "GuessingGame.py.pyproj", "{67979F66-D8B6-47F2-B28A-ABC02A69F540}"
EndProject
Global
	GlobalSection(SolutionConfigurationPlatforms) = preSolution
		Debug|Any CPU = Debug|Any CPU
		Release|Any CPU = Release|Any CPU
	EndGlobalSection
	GlobalSection(ProjectConfigurationPlatforms) = postSolution
		{67979F66-D8B6-47F2-B28A-ABC02A69F540}.Debug|Any CPU.ActiveCfg = Debug|Any CPU
		{67979F66-D8B6-47F2-B28A-ABC02A69F540}.Release|Any CPU.ActiveCfg = Release|Any CPU
	EndGlobalSection
	GlobalSection(SolutionProperties) = preSolution
		HideSolutionNode = FALSE
	EndGlobalSection
	GlobalSection(ExtensibilityGlobals) = postSolution
		SolutionGuid = {9C11954E-573F-43E0-8AA0-427729DC8B90}
	EndGlobalSection
EndGlobal
